<?xml version="1.0" encoding="utf-8"?>
<Project ToolsVersion="4.0" xmlns="http://schemas.microsoft.com/developer/msbuild/2003">
  <ItemGroup>
    <Filter Include="Source Files">
      <UniqueIdentifier>{4FC737F1-C7A5-4376-A066-2A32D752A2FF}</UniqueIdentifier>
      <Extensions>cpp;c;cc;cxx;def;odl;idl;hpj;bat;asm;asmx</Extensions>
    </Filter>
    <Filter Include="Header Files">
      <UniqueIdentifier>{93995380-89BD-4b04-88EB-625FBE52EBFB}</UniqueIdentifier>
      <Extensions>h;hh;hpp;hxx;hm;inl;inc;xsd</Extensions>
    </Filter>
    <Filter Include="Resource Files">
      <UniqueIdentifier>{67DA6AB6-F800-4c08-8B7A-83BB121AAD01}</UniqueIdentifier>
      <Extensions>rc;ico;cur;bmp;dlg;rc2;rct;bin;rgs;gif;jpg;jpeg;jpe;resx;tiff;tif;png;wav;mfcribbon-ms</Extensions>
    </Filter>
  </ItemGroup>
  <ItemGroup>
    <ClCompile Include="filtNoise_1.cpp">
      <Filter>Source Files</Filter>
    </ClCompile>
    <ClCompile Include="main.cpp">
      <Filter>Source Files</Filter>
    </ClCompile>
    <ClCompile Include="test_1.cpp">
      <Filter>Source Files</Filter>
    </ClCompile>
    <ClCompile Include="test.cpp">
      <Filter>Source Files</Filter>
    </ClCompile>
    <ClCompile Include="test_2.cpp">
      <Filter>Source Files</Filter>
    </ClCompile>
    <ClCompile Include="test_3.cpp">
      <Filter>Source Files</Filter>
    </ClCompile>
    <ClCompile Include="test_4.cpp">
      <Filter>Source Files</Filter>
    </ClCompile>
    <ClCompile Include="test_5.cpp">
      <Filter>Source Files</Filter>
    </ClCompile>
    <ClCompile Include="test_6.cpp">
      <Filter>Source Files</Filter>
    </ClCompile>
    <ClCompile Include="test_7.cpp">
      <Filter>Source Files</Filter>
    </ClCompile>
    <ClCompile Include="test_8.cpp">
      <Filter>Source Files</Filter>
    </ClCompile>
    <ClCompile Include="test_9.cpp">
      <Filter>Source Files</Filter>
    </ClCompile>
    <ClCompile Include="test_10.cpp">
      <Filter>Source Files</Filter>
    </ClCompile>
    <ClCompile Include="test_11.cpp">
      <Filter>Source Files</Filter>
    </ClCompile>
    <ClCompile Include="test_12.cpp">
      <Filter>Source Files</Filter>
    </ClCompile>
    <ClCompile Include="test_13.cpp">
      <Filter>Source Files</Filter>
    </ClCompile>
    <ClCompile Include="test_14.cpp">
      <Filter>Source Files</Filter>
    </ClCompile>
    <ClCompile Include="test_15.cpp">
      <Filter>Source Files</Filter>
    </ClCompile>
    <ClCompile Include="test_16.cpp">
      <Filter>Source Files</Filter>
    </ClCompile>
    <ClCompile Include="test_17.cpp">
      <Filter>Source Files</Filter>
    </ClCompile>
    <ClCompile Include="test_18.cpp">
      <Filter>Source Files</Filter>
    </ClCompile>
    <ClCompile Include="test_19.cpp">
      <Filter>Source Files</Filter>
    </ClCompile>
    <ClCompile Include="test_20.cpp">
      <Filter>Source Files</Filter>
    </ClCompile>
    <ClCompile Include="test_21.cpp">
      <Filter>Source Files</Filter>
    </ClCompile>
    <ClCompile Include="test_22.cpp">
      <Filter>Source Files</Filter>
    </ClCompile>
    <ClCompile Include="test_23.cpp">
      <Filter>Source Files</Filter>
    </ClCompile>
    <ClCompile Include="test_24.cpp">
      <Filter>Source Files</Filter>
    </ClCompile>
    <ClCompile Include="Sales_item1.cpp">
      <Filter>Source Files</Filter>
    </ClCompile>
    <ClCompile Include="test_25.cpp">
      <Filter>Source Files</Filter>
    </ClCompile>
    <ClCompile Include="test_26.cpp">
      <Filter>Source Files</Filter>
    </ClCompile>
    <ClCompile Include="Screen.cpp">
      <Filter>Source Files</Filter>
    </ClCompile>
    <ClCompile Include="test_27.cpp">
      <Filter>Source Files</Filter>
    </ClCompile>
    <ClCompile Include="test_28.cpp">
      <Filter>Source Files</Filter>
    </ClCompile>
    <ClCompile Include="test_29.cpp">
      <Filter>Source Files</Filter>
    </ClCompile>
    <ClCompile Include="test_30.cpp">
      <Filter>Source Files</Filter>
    </ClCompile>
    <ClCompile Include="test_31.cpp">
      <Filter>Source Files</Filter>
    </ClCompile>
    <ClCompile Include="test_32.cpp">
      <Filter>Source Files</Filter>
    </ClCompile>
    <ClCompile Include="test_33.cpp">
      <Filter>Source Files</Filter>
    </ClCompile>
    <ClCompile Include="test_34.cpp">
      <Filter>Source Files</Filter>
    </ClCompile>
    <ClCompile Include="test_35.cpp">
      <Filter>Source Files</Filter>
    </ClCompile>
    <ClCompile Include="test_36.cpp">
      <Filter>Source Files</Filter>
    </ClCompile>
    <ClCompile Include="test_37.cpp">
      <Filter>Source Files</Filter>
    </ClCompile>
    <ClCompile Include="test_38.cpp">
      <Filter>Source Files</Filter>
    </ClCompile>
    <ClCompile Include="test_39.cpp">
      <Filter>Source Files</Filter>
    </ClCompile>
    <ClCompile Include="test_40.cpp">
      <Filter>Source Files</Filter>
    </ClCompile>
    <ClCompile Include="test_41.cpp">
      <Filter>Source Files</Filter>
    </ClCompile>
    <ClCompile Include="test_42.cpp">
      <Filter>Source Files</Filter>
    </ClCompile>
    <ClCompile Include="test_43.cpp">
      <Filter>Source Files</Filter>
    </ClCompile>
    <ClCompile Include="test_44.cpp">
      <Filter>Source Files</Filter>
    </ClCompile>
    <ClCompile Include="TextQuery.cpp">
      <Filter>Source Files</Filter>
    </ClCompile>
    <ClCompile Include="test_45.cpp">
      <Filter>Source Files</Filter>
    </ClCompile>
    <ClCompile Include="test_46.cpp">
      <Filter>Source Files</Filter>
    </ClCompile>
    <ClCompile Include="test_47.cpp">
      <Filter>Source Files</Filter>
    </ClCompile>
    <ClCompile Include="test_48.cpp">
      <Filter>Source Files</Filter>
    </ClCompile>
    <ClCompile Include="test_49.cpp">
      <Filter>Source Files</Filter>
    </ClCompile>
    <ClCompile Include="test_50.cpp">
      <Filter>Source Files</Filter>
    </ClCompile>
    <ClCompile Include="test_51.cpp">
      <Filter>Source Files</Filter>
    </ClCompile>
    <ClCompile Include="test_52.cpp">
      <Filter>Source Files</Filter>
    </ClCompile>
    <ClCompile Include="test_53.cpp">
      <Filter>Source Files</Filter>
    </ClCompile>
    <ClCompile Include="test_54.cpp">
      <Filter>Source Files</Filter>
    </ClCompile>
  </ItemGroup>
  <ItemGroup>
    <ClInclude Include="Sales_item.h">
      <Filter>Header Files</Filter>
    </ClInclude>
    <ClInclude Include="Sales_item1.h">
      <Filter>Header Files</Filter>
    </ClInclude>
    <ClInclude Include="Person.h">
      <Filter>Header Files</Filter>
    </ClInclude>
    <ClInclude Include="Screen.h">
      <Filter>Header Files</Filter>
    </ClInclude>
    <ClInclude Include="Exercise.h">
      <Filter>Header Files</Filter>
    </ClInclude>
    <ClInclude Include="TextQuery.h">
      <Filter>Header Files</Filter>
    </ClInclude>
    <ClInclude Include="NoName.h">
      <Filter>Header Files</Filter>
    </ClInclude>
    <ClInclude Include="Message.h">
      <Filter>Header Files</Filter>
    </ClInclude>
    <ClInclude Include="Folder.h">
      <Filter>Header Files</Filter>
    </ClInclude>
    <ClInclude Include="HasPtr.h">
      <Filter>Header Files</Filter>
    </ClInclude>
    <ClInclude Include="U_Ptr.h">
      <Filter>Header Files</Filter>
    </ClInclude>
    <ClInclude Include="HasPtr_1.h">
      <Filter>Header Files</Filter>
    </ClInclude>
    <ClInclude Include="HasPtr_2.h">
      <Filter>Header Files</Filter>
    </ClInclude>
    <ClInclude Include="CheckoutRecord.h">
      <Filter>Header Files</Filter>
    </ClInclude>
    <ClInclude Include="ScrPtr.h">
      <Filter>Header Files</Filter>
    </ClInclude>
    <ClInclude Include="ScreenPtr.h">
      <Filter>Header Files</Filter>
    </ClInclude>
    <ClInclude Include="Item_base.h">
      <Filter>Source Files</Filter>
    </ClInclude>
  </ItemGroup>
</Project>